
Microsoft Visual Studio Solution File, Format Version 12.00
# Visual Studio Version 17
VisualStudioVersion = 17.13.35828.75 d17.13
MinimumVisualStudioVersion = 10.0.40219.1
Project("{FAE04EC0-301F-11D3-BF4B-00C04F79EFBC}") = "BlazorApp1", "BlazorApp1\BlazorApp1.csproj", "{B7851C90-1786-4EC3-8846-CD0D5CF7D733}"
EndProject
Global
	GlobalSection(SolutionConfigurationPlatforms) = preSolution
		Debug|Any CPU = Debug|Any CPU
		Release|Any CPU = Release|Any CPU
	EndGlobalSection
	GlobalSection(ProjectConfigurationPlatforms) = postSolution
		{B7851C90-1786-4EC3-8846-CD0D5CF7D733}.Debug|Any CPU.ActiveCfg = Debug|Any CPU
		{B7851C90-1786-4EC3-8846-CD0D5CF7D733}.Debug|Any CPU.Build.0 = Debug|Any CPU
		{B7851C90-1786-4EC3-8846-CD0D5CF7D733}.Release|Any CPU.ActiveCfg = Release|Any CPU
		{B7851C90-1786-4EC3-8846-CD0D5CF7D733}.Release|Any CPU.Build.0 = Release|Any CPU
	EndGlobalSection
	GlobalSection(SolutionProperties) = preSolution
		HideSolutionNode = FALSE
	EndGlobalSection
	GlobalSection(ExtensibilityGlobals) = postSolution
		SolutionGuid = {494024DF-131B-47AC-A0CE-6C0E5ECD4A8F}
	EndGlobalSection
EndGlobal
